{
  "name": "adverts24",
  "version": "1.0.0",
  "lockfileVersion": 1,
  "requires": true,
  "dependencies": {
    "yuicompressor": {
      "version": "2.4.7",
      "resolved": "https://registry.npmjs.org/yuicompressor/-/yuicompressor-2.4.7.tgz",
      "integrity": "sha1-GAyheDRsb+MrbuilCyrrV+TUWEQ="
    }
  }
}
